
Microsoft Visual Studio Solution File, Format Version 12.00
# Visual Studio Version 16
VisualStudioVersion = 16.0.28803.452
MinimumVisualStudioVersion = 10.0.40219.1
Project("{FAE04EC0-301F-11D3-BF4B-00C04F79EFBC}") = "ModalWhatsProc", "ModalWhatsProc\ModalWhatsProc.csproj", "{134B6995-07F9-47A9-A0FA-02B0E4ACE174}"
EndProject
Global
	GlobalSection(SolutionConfigurationPlatforms) = preSolution
		Debug|Any CPU = Debug|Any CPU
		Release|Any CPU = Release|Any CPU
	EndGlobalSection
	GlobalSection(ProjectConfigurationPlatforms) = postSolution
		{134B6995-07F9-47A9-A0FA-02B0E4ACE174}.Debug|Any CPU.ActiveCfg = Debug|Any CPU
		{134B6995-07F9-47A9-A0FA-02B0E4ACE174}.Debug|Any CPU.Build.0 = Debug|Any CPU
		{134B6995-07F9-47A9-A0FA-02B0E4ACE174}.Release|Any CPU.ActiveCfg = Release|Any CPU
		{134B6995-07F9-47A9-A0FA-02B0E4ACE174}.Release|Any CPU.Build.0 = Release|Any CPU
	EndGlobalSection
	GlobalSection(SolutionProperties) = preSolution
		HideSolutionNode = FALSE
	EndGlobalSection
	GlobalSection(ExtensibilityGlobals) = postSolution
		SolutionGuid = {4E45A260-A0CD-437E-A049-D98ADB1F4E04}
	EndGlobalSection
EndGlobal
